
Microsoft Visual Studio Solution File, Format Version 12.00
# Visual Studio Version 16
VisualStudioVersion = 16.0.31624.102
MinimumVisualStudioVersion = 10.0.40219.1
Project("{FAE04EC0-301F-11D3-BF4B-00C04F79EFBC}") = "RimWorldHolsters", "RimWorldHolsters.csproj", "{776FC040-938E-4254-89EA-5174D33D2F28}"
EndProject
Global
	GlobalSection(SolutionConfigurationPlatforms) = preSolution
		Debug|Any CPU = Debug|Any CPU
		Release|Any CPU = Release|Any CPU
	EndGlobalSection
	GlobalSection(ProjectConfigurationPlatforms) = postSolution
		{776FC040-938E-4254-89EA-5174D33D2F28}.Debug|Any CPU.ActiveCfg = Debug|Any CPU
		{776FC040-938E-4254-89EA-5174D33D2F28}.Debug|Any CPU.Build.0 = Debug|Any CPU
		{776FC040-938E-4254-89EA-5174D33D2F28}.Release|Any CPU.ActiveCfg = Release|Any CPU
		{776FC040-938E-4254-89EA-5174D33D2F28}.Release|Any CPU.Build.0 = Release|Any CPU
	EndGlobalSection
	GlobalSection(SolutionProperties) = preSolution
		HideSolutionNode = FALSE
	EndGlobalSection
	GlobalSection(ExtensibilityGlobals) = postSolution
		SolutionGuid = {4D2E8BF3-D372-4AFB-97A4-CECEB4ECE811}
	EndGlobalSection
EndGlobal
